
Microsoft Visual Studio Solution File, Format Version 12.00
# Visual Studio 14
VisualStudioVersion = 14.0.25420.1
MinimumVisualStudioVersion = 10.0.40219.1
Project("{8BC9CEB8-8B4A-11D0-8D11-00A0C91BC942}") = "First", "First\first.vcxproj", "{4A8195AF-3A0F-4F5E-A91F-B202585905F1}"
EndProject
Project("{8BC9CEB8-8B4A-11D0-8D11-00A0C91BC942}") = "Adress", "Adress\adress.vcxproj", "{08AA688E-754D-41CB-A898-E25C66C751AE}"
EndProject
Project("{8BC9CEB8-8B4A-11D0-8D11-00A0C91BC942}") = "Array1", "Array1\array1.vcxproj", "{BC63B309-6AD2-4A63-9139-00DBD6489548}"
EndProject
Project("{8BC9CEB8-8B4A-11D0-8D11-00A0C91BC942}") = "Array2", "Array2\array2.vcxproj", "{A6925C90-5036-41B9-B639-181CD3E5CBF4}"
EndProject
Project("{8BC9CEB8-8B4A-11D0-8D11-00A0C91BC942}") = "Char", "Char\Char.vcxproj", "{BB837798-ED72-4050-840E-0ACDD3DBC571}"
EndProject
Project("{8BC9CEB8-8B4A-11D0-8D11-00A0C91BC942}") = "Circle", "Circle\circle.vcxproj", "{43A46002-96E9-4962-97B6-0BAC3A1525C5}"
EndProject
Project("{8BC9CEB8-8B4A-11D0-8D11-00A0C91BC942}") = "Eat Carrots", "Eat Carrots\Eat Carrots.vcxproj", "{AC11C019-10FD-456A-8B2D-8B93CE6121A3}"
EndProject
Project("{8BC9CEB8-8B4A-11D0-8D11-00A0C91BC942}") = "Enumeration", "Enumeration\Enumeration.vcxproj", "{554C6ACA-A541-4935-879F-CA287F402AB6}"
EndProject
Project("{8BC9CEB8-8B4A-11D0-8D11-00A0C91BC942}") = "Gambling", "Gambling\Gambling.vcxproj", "{F1D3F122-297B-444A-9171-899DA8785B99}"
EndProject
Project("{8BC9CEB8-8B4A-11D0-8D11-00A0C91BC942}") = "Get BMI", "Get BMI\Get BMI.vcxproj", "{5EC418B1-7877-48FD-8321-CD8F3CF1CFA9}"
EndProject
Project("{8BC9CEB8-8B4A-11D0-8D11-00A0C91BC942}") = "Get", "Get\Get.vcxproj", "{35EB8664-507C-4941-A287-B10A163A0A9C}"
EndProject
Project("{8BC9CEB8-8B4A-11D0-8D11-00A0C91BC942}") = "Hex Oct", "Hex Oct\Hex Oct.vcxproj", "{AE3A1E90-F1CD-46C7-8BE1-BD49F3E747C5}"
EndProject
Project("{8BC9CEB8-8B4A-11D0-8D11-00A0C91BC942}") = "Cin", "Cin\Cin.vcxproj", "{98A92DBD-C976-4337-9FC1-D753F26FBA10}"
EndProject
Project("{8BC9CEB8-8B4A-11D0-8D11-00A0C91BC942}") = "Data Type Limits", "Data Type Limits\Data Type Limits.vcxproj", "{F6D24DD8-8AD4-4F1A-9F15-3AD8F55C412B}"
EndProject
Project("{8BC9CEB8-8B4A-11D0-8D11-00A0C91BC942}") = "New", "New\New.vcxproj", "{268C8F8C-C49A-4CA1-A295-B88F50604CB3}"
EndProject
Project("{8BC9CEB8-8B4A-11D0-8D11-00A0C91BC942}") = "Parray", "Parray\Parray.vcxproj", "{EEBFAE95-E28D-47C0-94B5-A61FBFF075E3}"
EndProject
Project("{8BC9CEB8-8B4A-11D0-8D11-00A0C91BC942}") = "Pointer Transfer", "Pointer Transfer\Pointer Transfer.vcxproj", "{0E752364-B914-449F-9F16-64D6A41450E1}"
EndProject
Project("{8BC9CEB8-8B4A-11D0-8D11-00A0C91BC942}") = "Pointer", "Pointer\Pointer.vcxproj", "{72DCA960-6BCF-4CDE-95B6-F03997298A67}"
EndProject
Project("{8BC9CEB8-8B4A-11D0-8D11-00A0C91BC942}") = "Factor", "Factor\Factor.vcxproj", "{9B719550-F593-4057-946A-EB8A5EB2F258}"
EndProject
Project("{8BC9CEB8-8B4A-11D0-8D11-00A0C91BC942}") = "Convert Seconds", "Convert Seconds\Convert Seconds.vcxproj", "{909A4094-D834-48FB-B063-601EB7B79DD2}"
EndProject
Project("{8BC9CEB8-8B4A-11D0-8D11-00A0C91BC942}") = "Sqrt", "Sqrt\Sqrt.vcxproj", "{7F030711-2290-4F4E-8EED-052A5F026CF7}"
EndProject
Project("{8BC9CEB8-8B4A-11D0-8D11-00A0C91BC942}") = "String", "String\String.vcxproj", "{7002D15C-8440-4A04-A395-AAF951F79E4D}"
EndProject
Project("{8BC9CEB8-8B4A-11D0-8D11-00A0C91BC942}") = "Union", "Union\Union.vcxproj", "{C87F42C9-A09C-4F06-AE6E-8ECED0906067}"
EndProject
Project("{8BC9CEB8-8B4A-11D0-8D11-00A0C91BC942}") = "Fraction Class", "Fraction Class\fraction.vcxproj", "{276E7556-73B7-4136-A621-1E1EEF68B226}"
EndProject
Global
	GlobalSection(SolutionConfigurationPlatforms) = preSolution
		Debug|x64 = Debug|x64
		Debug|x86 = Debug|x86
		Release|x64 = Release|x64
		Release|x86 = Release|x86
	EndGlobalSection
	GlobalSection(ProjectConfigurationPlatforms) = postSolution
		{4A8195AF-3A0F-4F5E-A91F-B202585905F1}.Debug|x64.ActiveCfg = Debug|x64
		{4A8195AF-3A0F-4F5E-A91F-B202585905F1}.Debug|x64.Build.0 = Debug|x64
		{4A8195AF-3A0F-4F5E-A91F-B202585905F1}.Debug|x86.ActiveCfg = Debug|Win32
		{4A8195AF-3A0F-4F5E-A91F-B202585905F1}.Debug|x86.Build.0 = Debug|Win32
		{4A8195AF-3A0F-4F5E-A91F-B202585905F1}.Release|x64.ActiveCfg = Release|x64
		{4A8195AF-3A0F-4F5E-A91F-B202585905F1}.Release|x64.Build.0 = Release|x64
		{4A8195AF-3A0F-4F5E-A91F-B202585905F1}.Release|x86.ActiveCfg = Release|Win32
		{4A8195AF-3A0F-4F5E-A91F-B202585905F1}.Release|x86.Build.0 = Release|Win32
		{08AA688E-754D-41CB-A898-E25C66C751AE}.Debug|x64.ActiveCfg = Debug|x64
		{08AA688E-754D-41CB-A898-E25C66C751AE}.Debug|x64.Build.0 = Debug|x64
		{08AA688E-754D-41CB-A898-E25C66C751AE}.Debug|x86.ActiveCfg = Debug|Win32
		{08AA688E-754D-41CB-A898-E25C66C751AE}.Debug|x86.Build.0 = Debug|Win32
		{08AA688E-754D-41CB-A898-E25C66C751AE}.Release|x64.ActiveCfg = Release|x64
		{08AA688E-754D-41CB-A898-E25C66C751AE}.Release|x64.Build.0 = Release|x64
		{08AA688E-754D-41CB-A898-E25C66C751AE}.Release|x86.ActiveCfg = Release|Win32
		{08AA688E-754D-41CB-A898-E25C66C751AE}.Release|x86.Build.0 = Release|Win32
		{BC63B309-6AD2-4A63-9139-00DBD6489548}.Debug|x64.ActiveCfg = Debug|x64
		{BC63B309-6AD2-4A63-9139-00DBD6489548}.Debug|x64.Build.0 = Debug|x64
		{BC63B309-6AD2-4A63-9139-00DBD6489548}.Debug|x86.ActiveCfg = Debug|Win32
		{BC63B309-6AD2-4A63-9139-00DBD6489548}.Debug|x86.Build.0 = Debug|Win32
		{BC63B309-6AD2-4A63-9139-00DBD6489548}.Release|x64.ActiveCfg = Release|x64
		{BC63B309-6AD2-4A63-9139-00DBD6489548}.Release|x64.Build.0 = Release|x64
		{BC63B309-6AD2-4A63-9139-00DBD6489548}.Release|x86.ActiveCfg = Release|Win32
		{BC63B309-6AD2-4A63-9139-00DBD6489548}.Release|x86.Build.0 = Release|Win32
		{A6925C90-5036-41B9-B639-181CD3E5CBF4}.Debug|x64.ActiveCfg = Debug|x64
		{A6925C90-5036-41B9-B639-181CD3E5CBF4}.Debug|x64.Build.0 = Debug|x64
		{A6925C90-5036-41B9-B639-181CD3E5CBF4}.Debug|x86.ActiveCfg = Debug|Win32
		{A6925C90-5036-41B9-B639-181CD3E5CBF4}.Debug|x86.Build.0 = Debug|Win32
		{A6925C90-5036-41B9-B639-181CD3E5CBF4}.Release|x64.ActiveCfg = Release|x64
		{A6925C90-5036-41B9-B639-181CD3E5CBF4}.Release|x64.Build.0 = Release|x64
		{A6925C90-5036-41B9-B639-181CD3E5CBF4}.Release|x86.ActiveCfg = Release|Win32
		{A6925C90-5036-41B9-B639-181CD3E5CBF4}.Release|x86.Build.0 = Release|Win32
		{BB837798-ED72-4050-840E-0ACDD3DBC571}.Debug|x64.ActiveCfg = Debug|x64
		{BB837798-ED72-4050-840E-0ACDD3DBC571}.Debug|x64.Build.0 = Debug|x64
		{BB837798-ED72-4050-840E-0ACDD3DBC571}.Debug|x86.ActiveCfg = Debug|Win32
		{BB837798-ED72-4050-840E-0ACDD3DBC571}.Debug|x86.Build.0 = Debug|Win32
		{BB837798-ED72-4050-840E-0ACDD3DBC571}.Release|x64.ActiveCfg = Release|x64
		{BB837798-ED72-4050-840E-0ACDD3DBC571}.Release|x64.Build.0 = Release|x64
		{BB837798-ED72-4050-840E-0ACDD3DBC571}.Release|x86.ActiveCfg = Release|Win32
		{BB837798-ED72-4050-840E-0ACDD3DBC571}.Release|x86.Build.0 = Release|Win32
		{43A46002-96E9-4962-97B6-0BAC3A1525C5}.Debug|x64.ActiveCfg = Debug|x64
		{43A46002-96E9-4962-97B6-0BAC3A1525C5}.Debug|x64.Build.0 = Debug|x64
		{43A46002-96E9-4962-97B6-0BAC3A1525C5}.Debug|x86.ActiveCfg = Debug|Win32
		{43A46002-96E9-4962-97B6-0BAC3A1525C5}.Debug|x86.Build.0 = Debug|Win32
		{43A46002-96E9-4962-97B6-0BAC3A1525C5}.Release|x64.ActiveCfg = Release|x64
		{43A46002-96E9-4962-97B6-0BAC3A1525C5}.Release|x64.Build.0 = Release|x64
		{43A46002-96E9-4962-97B6-0BAC3A1525C5}.Release|x86.ActiveCfg = Release|Win32
		{43A46002-96E9-4962-97B6-0BAC3A1525C5}.Release|x86.Build.0 = Release|Win32
		{AC11C019-10FD-456A-8B2D-8B93CE6121A3}.Debug|x64.ActiveCfg = Debug|x64
		{AC11C019-10FD-456A-8B2D-8B93CE6121A3}.Debug|x64.Build.0 = Debug|x64
		{AC11C019-10FD-456A-8B2D-8B93CE6121A3}.Debug|x86.ActiveCfg = Debug|Win32
		{AC11C019-10FD-456A-8B2D-8B93CE6121A3}.Debug|x86.Build.0 = Debug|Win32
		{AC11C019-10FD-456A-8B2D-8B93CE6121A3}.Release|x64.ActiveCfg = Release|x64
		{AC11C019-10FD-456A-8B2D-8B93CE6121A3}.Release|x64.Build.0 = Release|x64
		{AC11C019-10FD-456A-8B2D-8B93CE6121A3}.Release|x86.ActiveCfg = Release|Win32
		{AC11C019-10FD-456A-8B2D-8B93CE6121A3}.Release|x86.Build.0 = Release|Win32
		{554C6ACA-A541-4935-879F-CA287F402AB6}.Debug|x64.ActiveCfg = Debug|x64
		{554C6ACA-A541-4935-879F-CA287F402AB6}.Debug|x64.Build.0 = Debug|x64
		{554C6ACA-A541-4935-879F-CA287F402AB6}.Debug|x86.ActiveCfg = Debug|Win32
		{554C6ACA-A541-4935-879F-CA287F402AB6}.Debug|x86.Build.0 = Debug|Win32
		{554C6ACA-A541-4935-879F-CA287F402AB6}.Release|x64.ActiveCfg = Release|x64
		{554C6ACA-A541-4935-879F-CA287F402AB6}.Release|x64.Build.0 = Release|x64
		{554C6ACA-A541-4935-879F-CA287F402AB6}.Release|x86.ActiveCfg = Release|Win32
		{554C6ACA-A541-4935-879F-CA287F402AB6}.Release|x86.Build.0 = Release|Win32
		{F1D3F122-297B-444A-9171-899DA8785B99}.Debug|x64.ActiveCfg = Debug|x64
		{F1D3F122-297B-444A-9171-899DA8785B99}.Debug|x64.Build.0 = Debug|x64
		{F1D3F122-297B-444A-9171-899DA8785B99}.Debug|x86.ActiveCfg = Debug|Win32
		{F1D3F122-297B-444A-9171-899DA8785B99}.Debug|x86.Build.0 = Debug|Win32
		{F1D3F122-297B-444A-9171-899DA8785B99}.Release|x64.ActiveCfg = Release|x64
		{F1D3F122-297B-444A-9171-899DA8785B99}.Release|x64.Build.0 = Release|x64
		{F1D3F122-297B-444A-9171-899DA8785B99}.Release|x86.ActiveCfg = Release|Win32
		{F1D3F122-297B-444A-9171-899DA8785B99}.Release|x86.Build.0 = Release|Win32
		{5EC418B1-7877-48FD-8321-CD8F3CF1CFA9}.Debug|x64.ActiveCfg = Debug|x64
		{5EC418B1-7877-48FD-8321-CD8F3CF1CFA9}.Debug|x64.Build.0 = Debug|x64
		{5EC418B1-7877-48FD-8321-CD8F3CF1CFA9}.Debug|x86.ActiveCfg = Debug|Win32
		{5EC418B1-7877-48FD-8321-CD8F3CF1CFA9}.Debug|x86.Build.0 = Debug|Win32
		{5EC418B1-7877-48FD-8321-CD8F3CF1CFA9}.Release|x64.ActiveCfg = Release|x64
		{5EC418B1-7877-48FD-8321-CD8F3CF1CFA9}.Release|x64.Build.0 = Release|x64
		{5EC418B1-7877-48FD-8321-CD8F3CF1CFA9}.Release|x86.ActiveCfg = Release|Win32
		{5EC418B1-7877-48FD-8321-CD8F3CF1CFA9}.Release|x86.Build.0 = Release|Win32
		{35EB8664-507C-4941-A287-B10A163A0A9C}.Debug|x64.ActiveCfg = Debug|x64
		{35EB8664-507C-4941-A287-B10A163A0A9C}.Debug|x64.Build.0 = Debug|x64
		{35EB8664-507C-4941-A287-B10A163A0A9C}.Debug|x86.ActiveCfg = Debug|Win32
		{35EB8664-507C-4941-A287-B10A163A0A9C}.Debug|x86.Build.0 = Debug|Win32
		{35EB8664-507C-4941-A287-B10A163A0A9C}.Release|x64.ActiveCfg = Release|x64
		{35EB8664-507C-4941-A287-B10A163A0A9C}.Release|x64.Build.0 = Release|x64
		{35EB8664-507C-4941-A287-B10A163A0A9C}.Release|x86.ActiveCfg = Release|Win32
		{35EB8664-507C-4941-A287-B10A163A0A9C}.Release|x86.Build.0 = Release|Win32
		{AE3A1E90-F1CD-46C7-8BE1-BD49F3E747C5}.Debug|x64.ActiveCfg = Debug|x64
		{AE3A1E90-F1CD-46C7-8BE1-BD49F3E747C5}.Debug|x64.Build.0 = Debug|x64
		{AE3A1E90-F1CD-46C7-8BE1-BD49F3E747C5}.Debug|x86.ActiveCfg = Debug|Win32
		{AE3A1E90-F1CD-46C7-8BE1-BD49F3E747C5}.Debug|x86.Build.0 = Debug|Win32
		{AE3A1E90-F1CD-46C7-8BE1-BD49F3E747C5}.Release|x64.ActiveCfg = Release|x64
		{AE3A1E90-F1CD-46C7-8BE1-BD49F3E747C5}.Release|x64.Build.0 = Release|x64
		{AE3A1E90-F1CD-46C7-8BE1-BD49F3E747C5}.Release|x86.ActiveCfg = Release|Win32
		{AE3A1E90-F1CD-46C7-8BE1-BD49F3E747C5}.Release|x86.Build.0 = Release|Win32
		{98A92DBD-C976-4337-9FC1-D753F26FBA10}.Debug|x64.ActiveCfg = Debug|x64
		{98A92DBD-C976-4337-9FC1-D753F26FBA10}.Debug|x64.Build.0 = Debug|x64
		{98A92DBD-C976-4337-9FC1-D753F26FBA10}.Debug|x86.ActiveCfg = Debug|Win32
		{98A92DBD-C976-4337-9FC1-D753F26FBA10}.Debug|x86.Build.0 = Debug|Win32
		{98A92DBD-C976-4337-9FC1-D753F26FBA10}.Release|x64.ActiveCfg = Release|x64
		{98A92DBD-C976-4337-9FC1-D753F26FBA10}.Release|x64.Build.0 = Release|x64
		{98A92DBD-C976-4337-9FC1-D753F26FBA10}.Release|x86.ActiveCfg = Release|Win32
		{98A92DBD-C976-4337-9FC1-D753F26FBA10}.Release|x86.Build.0 = Release|Win32
		{F6D24DD8-8AD4-4F1A-9F15-3AD8F55C412B}.Debug|x64.ActiveCfg = Debug|x64
		{F6D24DD8-8AD4-4F1A-9F15-3AD8F55C412B}.Debug|x64.Build.0 = Debug|x64
		{F6D24DD8-8AD4-4F1A-9F15-3AD8F55C412B}.Debug|x86.ActiveCfg = Debug|Win32
		{F6D24DD8-8AD4-4F1A-9F15-3AD8F55C412B}.Debug|x86.Build.0 = Debug|Win32
		{F6D24DD8-8AD4-4F1A-9F15-3AD8F55C412B}.Release|x64.ActiveCfg = Release|x64
		{F6D24DD8-8AD4-4F1A-9F15-3AD8F55C412B}.Release|x64.Build.0 = Release|x64
		{F6D24DD8-8AD4-4F1A-9F15-3AD8F55C412B}.Release|x86.ActiveCfg = Release|Win32
		{F6D24DD8-8AD4-4F1A-9F15-3AD8F55C412B}.Release|x86.Build.0 = Release|Win32
		{268C8F8C-C49A-4CA1-A295-B88F50604CB3}.Debug|x64.ActiveCfg = Debug|x64
		{268C8F8C-C49A-4CA1-A295-B88F50604CB3}.Debug|x64.Build.0 = Debug|x64
		{268C8F8C-C49A-4CA1-A295-B88F50604CB3}.Debug|x86.ActiveCfg = Debug|Win32
		{268C8F8C-C49A-4CA1-A295-B88F50604CB3}.Debug|x86.Build.0 = Debug|Win32
		{268C8F8C-C49A-4CA1-A295-B88F50604CB3}.Release|x64.ActiveCfg = Release|x64
		{268C8F8C-C49A-4CA1-A295-B88F50604CB3}.Release|x64.Build.0 = Release|x64
		{268C8F8C-C49A-4CA1-A295-B88F50604CB3}.Release|x86.ActiveCfg = Release|Win32
		{268C8F8C-C49A-4CA1-A295-B88F50604CB3}.Release|x86.Build.0 = Release|Win32
		{EEBFAE95-E28D-47C0-94B5-A61FBFF075E3}.Debug|x64.ActiveCfg = Debug|x64
		{EEBFAE95-E28D-47C0-94B5-A61FBFF075E3}.Debug|x64.Build.0 = Debug|x64
		{EEBFAE95-E28D-47C0-94B5-A61FBFF075E3}.Debug|x86.ActiveCfg = Debug|Win32
		{EEBFAE95-E28D-47C0-94B5-A61FBFF075E3}.Debug|x86.Build.0 = Debug|Win32
		{EEBFAE95-E28D-47C0-94B5-A61FBFF075E3}.Release|x64.ActiveCfg = Release|x64
		{EEBFAE95-E28D-47C0-94B5-A61FBFF075E3}.Release|x64.Build.0 = Release|x64
		{EEBFAE95-E28D-47C0-94B5-A61FBFF075E3}.Release|x86.ActiveCfg = Release|Win32
		{EEBFAE95-E28D-47C0-94B5-A61FBFF075E3}.Release|x86.Build.0 = Release|Win32
		{0E752364-B914-449F-9F16-64D6A41450E1}.Debug|x64.ActiveCfg = Debug|x64
		{0E752364-B914-449F-9F16-64D6A41450E1}.Debug|x64.Build.0 = Debug|x64
		{0E752364-B914-449F-9F16-64D6A41450E1}.Debug|x86.ActiveCfg = Debug|Win32
		{0E752364-B914-449F-9F16-64D6A41450E1}.Debug|x86.Build.0 = Debug|Win32
		{0E752364-B914-449F-9F16-64D6A41450E1}.Release|x64.ActiveCfg = Release|x64
		{0E752364-B914-449F-9F16-64D6A41450E1}.Release|x64.Build.0 = Release|x64
		{0E752364-B914-449F-9F16-64D6A41450E1}.Release|x86.ActiveCfg = Release|Win32
		{0E752364-B914-449F-9F16-64D6A41450E1}.Release|x86.Build.0 = Release|Win32
		{72DCA960-6BCF-4CDE-95B6-F03997298A67}.Debug|x64.ActiveCfg = Debug|x64
		{72DCA960-6BCF-4CDE-95B6-F03997298A67}.Debug|x64.Build.0 = Debug|x64
		{72DCA960-6BCF-4CDE-95B6-F03997298A67}.Debug|x86.ActiveCfg = Debug|Win32
		{72DCA960-6BCF-4CDE-95B6-F03997298A67}.Debug|x86.Build.0 = Debug|Win32
		{72DCA960-6BCF-4CDE-95B6-F03997298A67}.Release|x64.ActiveCfg = Release|x64
		{72DCA960-6BCF-4CDE-95B6-F03997298A67}.Release|x64.Build.0 = Release|x64
		{72DCA960-6BCF-4CDE-95B6-F03997298A67}.Release|x86.ActiveCfg = Release|Win32
		{72DCA960-6BCF-4CDE-95B6-F03997298A67}.Release|x86.Build.0 = Release|Win32
		{9B719550-F593-4057-946A-EB8A5EB2F258}.Debug|x64.ActiveCfg = Debug|x64
		{9B719550-F593-4057-946A-EB8A5EB2F258}.Debug|x64.Build.0 = Debug|x64
		{9B719550-F593-4057-946A-EB8A5EB2F258}.Debug|x86.ActiveCfg = Debug|Win32
		{9B719550-F593-4057-946A-EB8A5EB2F258}.Debug|x86.Build.0 = Debug|Win32
		{9B719550-F593-4057-946A-EB8A5EB2F258}.Release|x64.ActiveCfg = Release|x64
		{9B719550-F593-4057-946A-EB8A5EB2F258}.Release|x64.Build.0 = Release|x64
		{9B719550-F593-4057-946A-EB8A5EB2F258}.Release|x86.ActiveCfg = Release|Win32
		{9B719550-F593-4057-946A-EB8A5EB2F258}.Release|x86.Build.0 = Release|Win32
		{909A4094-D834-48FB-B063-601EB7B79DD2}.Debug|x64.ActiveCfg = Debug|x64
		{909A4094-D834-48FB-B063-601EB7B79DD2}.Debug|x64.Build.0 = Debug|x64
		{909A4094-D834-48FB-B063-601EB7B79DD2}.Debug|x86.ActiveCfg = Debug|Win32
		{909A4094-D834-48FB-B063-601EB7B79DD2}.Debug|x86.Build.0 = Debug|Win32
		{909A4094-D834-48FB-B063-601EB7B79DD2}.Release|x64.ActiveCfg = Release|x64
		{909A4094-D834-48FB-B063-601EB7B79DD2}.Release|x64.Build.0 = Release|x64
		{909A4094-D834-48FB-B063-601EB7B79DD2}.Release|x86.ActiveCfg = Release|Win32
		{909A4094-D834-48FB-B063-601EB7B79DD2}.Release|x86.Build.0 = Release|Win32
		{7F030711-2290-4F4E-8EED-052A5F026CF7}.Debug|x64.ActiveCfg = Debug|x64
		{7F030711-2290-4F4E-8EED-052A5F026CF7}.Debug|x64.Build.0 = Debug|x64
		{7F030711-2290-4F4E-8EED-052A5F026CF7}.Debug|x86.ActiveCfg = Debug|Win32
		{7F030711-2290-4F4E-8EED-052A5F026CF7}.Debug|x86.Build.0 = Debug|Win32
		{7F030711-2290-4F4E-8EED-052A5F026CF7}.Release|x64.ActiveCfg = Release|x64
		{7F030711-2290-4F4E-8EED-052A5F026CF7}.Release|x64.Build.0 = Release|x64
		{7F030711-2290-4F4E-8EED-052A5F026CF7}.Release|x86.ActiveCfg = Release|Win32
		{7F030711-2290-4F4E-8EED-052A5F026CF7}.Release|x86.Build.0 = Release|Win32
		{7002D15C-8440-4A04-A395-AAF951F79E4D}.Debug|x64.ActiveCfg = Debug|x64
		{7002D15C-8440-4A04-A395-AAF951F79E4D}.Debug|x64.Build.0 = Debug|x64
		{7002D15C-8440-4A04-A395-AAF951F79E4D}.Debug|x86.ActiveCfg = Debug|Win32
		{7002D15C-8440-4A04-A395-AAF951F79E4D}.Debug|x86.Build.0 = Debug|Win32
		{7002D15C-8440-4A04-A395-AAF951F79E4D}.Release|x64.ActiveCfg = Release|x64
		{7002D15C-8440-4A04-A395-AAF951F79E4D}.Release|x64.Build.0 = Release|x64
		{7002D15C-8440-4A04-A395-AAF951F79E4D}.Release|x86.ActiveCfg = Release|Win32
		{7002D15C-8440-4A04-A395-AAF951F79E4D}.Release|x86.Build.0 = Release|Win32
		{C87F42C9-A09C-4F06-AE6E-8ECED0906067}.Debug|x64.ActiveCfg = Debug|x64
		{C87F42C9-A09C-4F06-AE6E-8ECED0906067}.Debug|x64.Build.0 = Debug|x64
		{C87F42C9-A09C-4F06-AE6E-8ECED0906067}.Debug|x86.ActiveCfg = Debug|Win32
		{C87F42C9-A09C-4F06-AE6E-8ECED0906067}.Debug|x86.Build.0 = Debug|Win32
		{C87F42C9-A09C-4F06-AE6E-8ECED0906067}.Release|x64.ActiveCfg = Release|x64
		{C87F42C9-A09C-4F06-AE6E-8ECED0906067}.Release|x64.Build.0 = Release|x64
		{C87F42C9-A09C-4F06-AE6E-8ECED0906067}.Release|x86.ActiveCfg = Release|Win32
		{C87F42C9-A09C-4F06-AE6E-8ECED0906067}.Release|x86.Build.0 = Release|Win32
		{276E7556-73B7-4136-A621-1E1EEF68B226}.Debug|x64.ActiveCfg = Debug|x64
		{276E7556-73B7-4136-A621-1E1EEF68B226}.Debug|x64.Build.0 = Debug|x64
		{276E7556-73B7-4136-A621-1E1EEF68B226}.Debug|x86.ActiveCfg = Debug|Win32
		{276E7556-73B7-4136-A621-1E1EEF68B226}.Debug|x86.Build.0 = Debug|Win32
		{276E7556-73B7-4136-A621-1E1EEF68B226}.Release|x64.ActiveCfg = Release|x64
		{276E7556-73B7-4136-A621-1E1EEF68B226}.Release|x64.Build.0 = Release|x64
		{276E7556-73B7-4136-A621-1E1EEF68B226}.Release|x86.ActiveCfg = Release|Win32
		{276E7556-73B7-4136-A621-1E1EEF68B226}.Release|x86.Build.0 = Release|Win32
	EndGlobalSection
	GlobalSection(SolutionProperties) = preSolution
		HideSolutionNode = FALSE
	EndGlobalSection
EndGlobal
